
Microsoft Visual Studio Solution File, Format Version 12.00
Project("{FAE04EC0-301F-11D3-BF4B-00C04F79EFBC}") = "UnitTests", "UnitTests\UnitTests.csproj", "{C2319371-43B0-42C9-9E1E-323675B901B5}"
EndProject
Project("{FAE04EC0-301F-11D3-BF4B-00C04F79EFBC}") = "CodingTracker", "..\CodingTracker\CodingTracker.csproj", "{906E94C0-7087-4D0D-A361-4AC3CF1951F7}"
EndProject
Global
	GlobalSection(SolutionConfigurationPlatforms) = preSolution
		Debug|Any CPU = Debug|Any CPU
		Release|Any CPU = Release|Any CPU
	EndGlobalSection
	GlobalSection(ProjectConfigurationPlatforms) = postSolution
		{C2319371-43B0-42C9-9E1E-323675B901B5}.Debug|Any CPU.ActiveCfg = Debug|Any CPU
		{C2319371-43B0-42C9-9E1E-323675B901B5}.Debug|Any CPU.Build.0 = Debug|Any CPU
		{C2319371-43B0-42C9-9E1E-323675B901B5}.Release|Any CPU.ActiveCfg = Release|Any CPU
		{C2319371-43B0-42C9-9E1E-323675B901B5}.Release|Any CPU.Build.0 = Release|Any CPU
		{906E94C0-7087-4D0D-A361-4AC3CF1951F7}.Debug|Any CPU.ActiveCfg = Debug|Any CPU
		{906E94C0-7087-4D0D-A361-4AC3CF1951F7}.Debug|Any CPU.Build.0 = Debug|Any CPU
		{906E94C0-7087-4D0D-A361-4AC3CF1951F7}.Release|Any CPU.ActiveCfg = Release|Any CPU
		{906E94C0-7087-4D0D-A361-4AC3CF1951F7}.Release|Any CPU.Build.0 = Release|Any CPU
	EndGlobalSection
EndGlobal
