
Microsoft Visual Studio Solution File, Format Version 12.00
# Visual Studio Version 17
VisualStudioVersion = 17.11.35208.52
MinimumVisualStudioVersion = 10.0.40219.1
Project("{9A19103F-16F7-4668-BE54-9A1E7A4F7556}") = "CodingTracker", "CodingTracker\CodingTracker.csproj", "{6AB4CC5F-4A1C-48E8-A685-43225267C50F}"
EndProject
Project("{9A19103F-16F7-4668-BE54-9A1E7A4F7556}") = "CodingTracker.Tests", "CodingTracker.Tests\CodingTracker.Tests.csproj", "{B3532919-3EE6-4E68-B3AE-E3EC88357F13}"
EndProject
Project("{2150E333-8FDC-42A3-9474-1A3956D46DE8}") = "Solution Items", "Solution Items", "{5EE0F877-6D56-4BB6-8C76-3E073DE89DC4}"
	ProjectSection(SolutionItems) = preProject
		.editorconfig = .editorconfig
	EndProjectSection
EndProject
Global
	GlobalSection(SolutionConfigurationPlatforms) = preSolution
		Debug|Any CPU = Debug|Any CPU
		Release|Any CPU = Release|Any CPU
	EndGlobalSection
	GlobalSection(ProjectConfigurationPlatforms) = postSolution
		{6AB4CC5F-4A1C-48E8-A685-43225267C50F}.Debug|Any CPU.ActiveCfg = Debug|Any CPU
		{6AB4CC5F-4A1C-48E8-A685-43225267C50F}.Debug|Any CPU.Build.0 = Debug|Any CPU
		{6AB4CC5F-4A1C-48E8-A685-43225267C50F}.Release|Any CPU.ActiveCfg = Release|Any CPU
		{6AB4CC5F-4A1C-48E8-A685-43225267C50F}.Release|Any CPU.Build.0 = Release|Any CPU
		{B3532919-3EE6-4E68-B3AE-E3EC88357F13}.Debug|Any CPU.ActiveCfg = Debug|Any CPU
		{B3532919-3EE6-4E68-B3AE-E3EC88357F13}.Debug|Any CPU.Build.0 = Debug|Any CPU
		{B3532919-3EE6-4E68-B3AE-E3EC88357F13}.Release|Any CPU.ActiveCfg = Release|Any CPU
		{B3532919-3EE6-4E68-B3AE-E3EC88357F13}.Release|Any CPU.Build.0 = Release|Any CPU
	EndGlobalSection
	GlobalSection(SolutionProperties) = preSolution
		HideSolutionNode = FALSE
	EndGlobalSection
	GlobalSection(ExtensibilityGlobals) = postSolution
		SolutionGuid = {AC3CCE21-EAAC-44DD-9490-AA045F6ED237}
	EndGlobalSection
EndGlobal
