
Microsoft Visual Studio Solution File, Format Version 12.00
# Visual Studio Version 17
VisualStudioVersion = 17.7.34031.279
MinimumVisualStudioVersion = 10.0.40219.1
Project("{FAE04EC0-301F-11D3-BF4B-00C04F79EFBC}") = "CodingTracker.Tests.Forser", "CodingTracker.Tests.Forser.csproj", "{9AA8D6D0-1FB0-4799-B1AE-23FE59E0763B}"
EndProject
Project("{9A19103F-16F7-4668-BE54-9A1E7A4F7556}") = "CodingTracker.Forser", "..\..\CodeReviews.Console.CodingTracker\CodingTracker.Forser\CodingTracker.Forser.csproj", "{BE18446F-5D5D-4A3D-BF34-BD94E6A663D4}"
EndProject
Global
	GlobalSection(SolutionConfigurationPlatforms) = preSolution
		Debug|Any CPU = Debug|Any CPU
		Release|Any CPU = Release|Any CPU
	EndGlobalSection
	GlobalSection(ProjectConfigurationPlatforms) = postSolution
		{9AA8D6D0-1FB0-4799-B1AE-23FE59E0763B}.Debug|Any CPU.ActiveCfg = Debug|Any CPU
		{9AA8D6D0-1FB0-4799-B1AE-23FE59E0763B}.Debug|Any CPU.Build.0 = Debug|Any CPU
		{9AA8D6D0-1FB0-4799-B1AE-23FE59E0763B}.Release|Any CPU.ActiveCfg = Release|Any CPU
		{9AA8D6D0-1FB0-4799-B1AE-23FE59E0763B}.Release|Any CPU.Build.0 = Release|Any CPU
		{BE18446F-5D5D-4A3D-BF34-BD94E6A663D4}.Debug|Any CPU.ActiveCfg = Debug|Any CPU
		{BE18446F-5D5D-4A3D-BF34-BD94E6A663D4}.Debug|Any CPU.Build.0 = Debug|Any CPU
		{BE18446F-5D5D-4A3D-BF34-BD94E6A663D4}.Release|Any CPU.ActiveCfg = Release|Any CPU
		{BE18446F-5D5D-4A3D-BF34-BD94E6A663D4}.Release|Any CPU.Build.0 = Release|Any CPU
	EndGlobalSection
	GlobalSection(SolutionProperties) = preSolution
		HideSolutionNode = FALSE
	EndGlobalSection
	GlobalSection(ExtensibilityGlobals) = postSolution
		SolutionGuid = {1535D0F7-7FC9-47D1-96C1-F845B20BF6E7}
	EndGlobalSection
EndGlobal
