
Microsoft Visual Studio Solution File, Format Version 12.00
# Visual Studio Version 17
VisualStudioVersion = 17.10.35122.118
MinimumVisualStudioVersion = 10.0.40219.1
Project("{9A19103F-16F7-4668-BE54-9A1E7A4F7556}") = "CodingTrack", "CodingTrack\CodingTrack.csproj", "{A38306BB-4982-4AC7-9638-D8F77CA50E0B}"
EndProject
Project("{FAE04EC0-301F-11D3-BF4B-00C04F79EFBC}") = "CodingTracker.Tests", "CodingTracker.Tests\CodingTracker.Tests.csproj", "{36E721B4-732F-44A9-8905-9A25D293AB75}"
EndProject
Global
	GlobalSection(SolutionConfigurationPlatforms) = preSolution
		Debug|Any CPU = Debug|Any CPU
		Release|Any CPU = Release|Any CPU
	EndGlobalSection
	GlobalSection(ProjectConfigurationPlatforms) = postSolution
		{A38306BB-4982-4AC7-9638-D8F77CA50E0B}.Debug|Any CPU.ActiveCfg = Debug|Any CPU
		{A38306BB-4982-4AC7-9638-D8F77CA50E0B}.Debug|Any CPU.Build.0 = Debug|Any CPU
		{A38306BB-4982-4AC7-9638-D8F77CA50E0B}.Release|Any CPU.ActiveCfg = Release|Any CPU
		{A38306BB-4982-4AC7-9638-D8F77CA50E0B}.Release|Any CPU.Build.0 = Release|Any CPU
		{36E721B4-732F-44A9-8905-9A25D293AB75}.Debug|Any CPU.ActiveCfg = Debug|Any CPU
		{36E721B4-732F-44A9-8905-9A25D293AB75}.Debug|Any CPU.Build.0 = Debug|Any CPU
		{36E721B4-732F-44A9-8905-9A25D293AB75}.Release|Any CPU.ActiveCfg = Release|Any CPU
		{36E721B4-732F-44A9-8905-9A25D293AB75}.Release|Any CPU.Build.0 = Release|Any CPU
	EndGlobalSection
	GlobalSection(SolutionProperties) = preSolution
		HideSolutionNode = FALSE
	EndGlobalSection
	GlobalSection(ExtensibilityGlobals) = postSolution
		SolutionGuid = {B9A7B7E8-DC71-4559-B059-6B02D730BB1D}
	EndGlobalSection
EndGlobal
