
Microsoft Visual Studio Solution File, Format Version 12.00
Project("{FAE04EC0-301F-11D3-BF4B-00C04F79EFBC}") = "UnitTests.UgniusFalze", "UnitTests.UgniusFalze\UnitTests.UgniusFalze.csproj", "{A5C701DA-EB1F-4546-98C8-B62CC39F9E47}"
EndProject
Project("{FAE04EC0-301F-11D3-BF4B-00C04F79EFBC}") = "CodingTracker.UgniusFalze", "CodingTracker.UgniusFalze\CodingTracker.UgniusFalze.csproj", "{404B0CAE-8A72-4077-83EC-50A8033A5E1C}"
EndProject
Global
	GlobalSection(SolutionConfigurationPlatforms) = preSolution
		Debug|Any CPU = Debug|Any CPU
		Release|Any CPU = Release|Any CPU
	EndGlobalSection
	GlobalSection(ProjectConfigurationPlatforms) = postSolution
		{A5C701DA-EB1F-4546-98C8-B62CC39F9E47}.Debug|Any CPU.ActiveCfg = Debug|Any CPU
		{A5C701DA-EB1F-4546-98C8-B62CC39F9E47}.Debug|Any CPU.Build.0 = Debug|Any CPU
		{A5C701DA-EB1F-4546-98C8-B62CC39F9E47}.Release|Any CPU.ActiveCfg = Release|Any CPU
		{A5C701DA-EB1F-4546-98C8-B62CC39F9E47}.Release|Any CPU.Build.0 = Release|Any CPU
		{404B0CAE-8A72-4077-83EC-50A8033A5E1C}.Debug|Any CPU.ActiveCfg = Debug|Any CPU
		{404B0CAE-8A72-4077-83EC-50A8033A5E1C}.Debug|Any CPU.Build.0 = Debug|Any CPU
		{404B0CAE-8A72-4077-83EC-50A8033A5E1C}.Release|Any CPU.ActiveCfg = Release|Any CPU
		{404B0CAE-8A72-4077-83EC-50A8033A5E1C}.Release|Any CPU.Build.0 = Release|Any CPU
	EndGlobalSection
EndGlobal
