
Microsoft Visual Studio Solution File, Format Version 12.00
# Visual Studio Version 17
VisualStudioVersion = 17.4.33213.308
MinimumVisualStudioVersion = 10.0.40219.1
Project("{FAE04EC0-301F-11D3-BF4B-00C04F79EFBC}") = "edvaudin.CodingTracker", "edvaudin.CodingTracker\edvaudin.CodingTracker.csproj", "{7C251200-295E-43B5-8C9F-320984EF573A}"
EndProject
Project("{FAE04EC0-301F-11D3-BF4B-00C04F79EFBC}") = "edvaudin.UnitTests", "edvaudin.UnitTests\edvaudin.UnitTests.csproj", "{D11ECF44-E1A3-4EB8-B079-658F8B565718}"
EndProject
Global
	GlobalSection(SolutionConfigurationPlatforms) = preSolution
		Debug|Any CPU = Debug|Any CPU
		Release|Any CPU = Release|Any CPU
	EndGlobalSection
	GlobalSection(ProjectConfigurationPlatforms) = postSolution
		{7C251200-295E-43B5-8C9F-320984EF573A}.Debug|Any CPU.ActiveCfg = Debug|Any CPU
		{7C251200-295E-43B5-8C9F-320984EF573A}.Debug|Any CPU.Build.0 = Debug|Any CPU
		{7C251200-295E-43B5-8C9F-320984EF573A}.Release|Any CPU.ActiveCfg = Release|Any CPU
		{7C251200-295E-43B5-8C9F-320984EF573A}.Release|Any CPU.Build.0 = Release|Any CPU
		{D11ECF44-E1A3-4EB8-B079-658F8B565718}.Debug|Any CPU.ActiveCfg = Debug|Any CPU
		{D11ECF44-E1A3-4EB8-B079-658F8B565718}.Debug|Any CPU.Build.0 = Debug|Any CPU
		{D11ECF44-E1A3-4EB8-B079-658F8B565718}.Release|Any CPU.ActiveCfg = Release|Any CPU
		{D11ECF44-E1A3-4EB8-B079-658F8B565718}.Release|Any CPU.Build.0 = Release|Any CPU
	EndGlobalSection
	GlobalSection(SolutionProperties) = preSolution
		HideSolutionNode = FALSE
	EndGlobalSection
	GlobalSection(ExtensibilityGlobals) = postSolution
		SolutionGuid = {F13F29B0-D242-46DD-A09C-048CEBCA0888}
	EndGlobalSection
EndGlobal
