
Microsoft Visual Studio Solution File, Format Version 12.00
# Visual Studio Version 17
VisualStudioVersion = 17.8.34525.116
MinimumVisualStudioVersion = 10.0.40219.1
Project("{9A19103F-16F7-4668-BE54-9A1E7A4F7556}") = "StanChoi.CodingTracker", "StanChoi.CodingTracker.csproj", "{7D822997-3FB3-4CFB-B996-77DDD4573266}"
EndProject
Project("{FAE04EC0-301F-11D3-BF4B-00C04F79EFBC}") = "StanChoi.CodingTracker.Tests", "..\StanChoi.CodingTracker.Tests\StanChoi.CodingTracker.Tests.csproj", "{66BBA5D4-BF16-4B74-AA16-BE27D0B0AF85}"
EndProject
Global
	GlobalSection(SolutionConfigurationPlatforms) = preSolution
		Debug|Any CPU = Debug|Any CPU
		Release|Any CPU = Release|Any CPU
	EndGlobalSection
	GlobalSection(ProjectConfigurationPlatforms) = postSolution
		{7D822997-3FB3-4CFB-B996-77DDD4573266}.Debug|Any CPU.ActiveCfg = Debug|Any CPU
		{7D822997-3FB3-4CFB-B996-77DDD4573266}.Debug|Any CPU.Build.0 = Debug|Any CPU
		{7D822997-3FB3-4CFB-B996-77DDD4573266}.Release|Any CPU.ActiveCfg = Release|Any CPU
		{7D822997-3FB3-4CFB-B996-77DDD4573266}.Release|Any CPU.Build.0 = Release|Any CPU
		{66BBA5D4-BF16-4B74-AA16-BE27D0B0AF85}.Debug|Any CPU.ActiveCfg = Debug|Any CPU
		{66BBA5D4-BF16-4B74-AA16-BE27D0B0AF85}.Debug|Any CPU.Build.0 = Debug|Any CPU
		{66BBA5D4-BF16-4B74-AA16-BE27D0B0AF85}.Release|Any CPU.ActiveCfg = Release|Any CPU
		{66BBA5D4-BF16-4B74-AA16-BE27D0B0AF85}.Release|Any CPU.Build.0 = Release|Any CPU
	EndGlobalSection
	GlobalSection(SolutionProperties) = preSolution
		HideSolutionNode = FALSE
	EndGlobalSection
	GlobalSection(ExtensibilityGlobals) = postSolution
		SolutionGuid = {30993AB6-7D4B-4198-A8FB-63B7FDAA13C7}
	EndGlobalSection
EndGlobal
