
Microsoft Visual Studio Solution File, Format Version 12.00
# Visual Studio Version 17
VisualStudioVersion = 17.14.36127.28
MinimumVisualStudioVersion = 10.0.40219.1
Project("{FAE04EC0-301F-11D3-BF4B-00C04F79EFBC}") = "CodingTracker", "CodingTracker\CodingTracker.csproj", "{70735973-EFE8-4FB1-9F0B-4ED38366FAF9}"
EndProject
Project("{FAE04EC0-301F-11D3-BF4B-00C04F79EFBC}") = "CodingTracker.Tests", "CodingTracker.Tests\CodingTracker.Tests.csproj", "{4066A73D-0106-458D-9F00-1EB1B35E9081}"
EndProject
Global
	GlobalSection(SolutionConfigurationPlatforms) = preSolution
		Debug|Any CPU = Debug|Any CPU
		Release|Any CPU = Release|Any CPU
	EndGlobalSection
	GlobalSection(ProjectConfigurationPlatforms) = postSolution
		{70735973-EFE8-4FB1-9F0B-4ED38366FAF9}.Debug|Any CPU.ActiveCfg = Debug|Any CPU
		{70735973-EFE8-4FB1-9F0B-4ED38366FAF9}.Debug|Any CPU.Build.0 = Debug|Any CPU
		{70735973-EFE8-4FB1-9F0B-4ED38366FAF9}.Release|Any CPU.ActiveCfg = Release|Any CPU
		{70735973-EFE8-4FB1-9F0B-4ED38366FAF9}.Release|Any CPU.Build.0 = Release|Any CPU
		{4066A73D-0106-458D-9F00-1EB1B35E9081}.Debug|Any CPU.ActiveCfg = Debug|Any CPU
		{4066A73D-0106-458D-9F00-1EB1B35E9081}.Debug|Any CPU.Build.0 = Debug|Any CPU
		{4066A73D-0106-458D-9F00-1EB1B35E9081}.Release|Any CPU.ActiveCfg = Release|Any CPU
		{4066A73D-0106-458D-9F00-1EB1B35E9081}.Release|Any CPU.Build.0 = Release|Any CPU
	EndGlobalSection
	GlobalSection(SolutionProperties) = preSolution
		HideSolutionNode = FALSE
	EndGlobalSection
	GlobalSection(ExtensibilityGlobals) = postSolution
		SolutionGuid = {69FD018D-C0D8-4C50-95D8-8B1F7CECB085}
	EndGlobalSection
EndGlobal
