
Microsoft Visual Studio Solution File, Format Version 12.00
# Visual Studio Version 17
VisualStudioVersion = 17.11.35303.130
MinimumVisualStudioVersion = 10.0.40219.1
Project("{9A19103F-16F7-4668-BE54-9A1E7A4F7556}") = "cacheMe512.CodeTracker", "cacheMe512.CodeTracker\cacheMe512.CodeTracker.csproj", "{50A309BF-3796-4A90-BF61-48EE7D0988FD}"
EndProject
Project("{FAE04EC0-301F-11D3-BF4B-00C04F79EFBC}") = "CodeTracking.Tests", "..\CodeTracking.Tests\CodeTracking.Tests.csproj", "{8B016A55-A742-4883-90B1-B832A63E9015}"
EndProject
Global
	GlobalSection(SolutionConfigurationPlatforms) = preSolution
		Debug|Any CPU = Debug|Any CPU
		Release|Any CPU = Release|Any CPU
	EndGlobalSection
	GlobalSection(ProjectConfigurationPlatforms) = postSolution
		{50A309BF-3796-4A90-BF61-48EE7D0988FD}.Debug|Any CPU.ActiveCfg = Debug|Any CPU
		{50A309BF-3796-4A90-BF61-48EE7D0988FD}.Debug|Any CPU.Build.0 = Debug|Any CPU
		{50A309BF-3796-4A90-BF61-48EE7D0988FD}.Release|Any CPU.ActiveCfg = Release|Any CPU
		{50A309BF-3796-4A90-BF61-48EE7D0988FD}.Release|Any CPU.Build.0 = Release|Any CPU
		{8B016A55-A742-4883-90B1-B832A63E9015}.Debug|Any CPU.ActiveCfg = Debug|Any CPU
		{8B016A55-A742-4883-90B1-B832A63E9015}.Debug|Any CPU.Build.0 = Debug|Any CPU
		{8B016A55-A742-4883-90B1-B832A63E9015}.Release|Any CPU.ActiveCfg = Release|Any CPU
		{8B016A55-A742-4883-90B1-B832A63E9015}.Release|Any CPU.Build.0 = Release|Any CPU
	EndGlobalSection
	GlobalSection(SolutionProperties) = preSolution
		HideSolutionNode = FALSE
	EndGlobalSection
	GlobalSection(ExtensibilityGlobals) = postSolution
		SolutionGuid = {2AB5D7D4-8AA1-457B-B3C8-E8EF610DC913}
	EndGlobalSection
EndGlobal
