
Microsoft Visual Studio Solution File, Format Version 12.00
# Visual Studio Version 17
VisualStudioVersion = 17.4.33103.184
MinimumVisualStudioVersion = 10.0.40219.1
Project("{FAE04EC0-301F-11D3-BF4B-00C04F79EFBC}") = "UnitTests.PabloCappuccino", "UnitTests.PabloCappuccino.csproj", "{65AA3B46-A70A-48DA-AE64-A36B4B05CB57}"
EndProject
Global
	GlobalSection(SolutionConfigurationPlatforms) = preSolution
		Debug|Any CPU = Debug|Any CPU
		Release|Any CPU = Release|Any CPU
	EndGlobalSection
	GlobalSection(ProjectConfigurationPlatforms) = postSolution
		{65AA3B46-A70A-48DA-AE64-A36B4B05CB57}.Debug|Any CPU.ActiveCfg = Debug|Any CPU
		{65AA3B46-A70A-48DA-AE64-A36B4B05CB57}.Debug|Any CPU.Build.0 = Debug|Any CPU
		{65AA3B46-A70A-48DA-AE64-A36B4B05CB57}.Release|Any CPU.ActiveCfg = Release|Any CPU
		{65AA3B46-A70A-48DA-AE64-A36B4B05CB57}.Release|Any CPU.Build.0 = Release|Any CPU
	EndGlobalSection
	GlobalSection(SolutionProperties) = preSolution
		HideSolutionNode = FALSE
	EndGlobalSection
	GlobalSection(ExtensibilityGlobals) = postSolution
		SolutionGuid = {6EA2D17D-0D66-4C37-A25B-59ECBB85122D}
	EndGlobalSection
EndGlobal
