
Microsoft Visual Studio Solution File, Format Version 12.00
# Visual Studio Version 17
VisualStudioVersion = 17.4.33103.184
MinimumVisualStudioVersion = 10.0.40219.1
Project("{FAE04EC0-301F-11D3-BF4B-00C04F79EFBC}") = "UnitTests.PabloCappuccino", "UnitTests.PabloCappuccino.csproj", "{DFCA634D-BADC-4857-AECB-7F3944B9ABB7}"
EndProject
Global
	GlobalSection(SolutionConfigurationPlatforms) = preSolution
		Debug|Any CPU = Debug|Any CPU
		Release|Any CPU = Release|Any CPU
	EndGlobalSection
	GlobalSection(ProjectConfigurationPlatforms) = postSolution
		{DFCA634D-BADC-4857-AECB-7F3944B9ABB7}.Debug|Any CPU.ActiveCfg = Debug|Any CPU
		{DFCA634D-BADC-4857-AECB-7F3944B9ABB7}.Debug|Any CPU.Build.0 = Debug|Any CPU
		{DFCA634D-BADC-4857-AECB-7F3944B9ABB7}.Release|Any CPU.ActiveCfg = Release|Any CPU
		{DFCA634D-BADC-4857-AECB-7F3944B9ABB7}.Release|Any CPU.Build.0 = Release|Any CPU
	EndGlobalSection
	GlobalSection(SolutionProperties) = preSolution
		HideSolutionNode = FALSE
	EndGlobalSection
	GlobalSection(ExtensibilityGlobals) = postSolution
		SolutionGuid = {E2081673-49B0-4A74-A990-BCFD353DA4BF}
	EndGlobalSection
EndGlobal
