
Microsoft Visual Studio Solution File, Format Version 12.00
# Visual Studio Version 17
VisualStudioVersion = 17.0.31903.59
MinimumVisualStudioVersion = 10.0.40219.1
Project("{9A19103F-16F7-4668-BE54-9A1E7A4F7556}") = "CodingTracker.Tests", "CodingTracker.Tests\CodingTracker.Tests.csproj", "{1659C085-BD53-476E-89D8-5310312D6D43}"
EndProject
Project("{9A19103F-16F7-4668-BE54-9A1E7A4F7556}") = "CodingTracker", "CodingTracker\CodingTracker.csproj", "{DE40928E-84CC-4149-8776-9C457951617A}"
EndProject
Global
	GlobalSection(SolutionConfigurationPlatforms) = preSolution
		Debug|Any CPU = Debug|Any CPU
		Release|Any CPU = Release|Any CPU
	EndGlobalSection
	GlobalSection(ProjectConfigurationPlatforms) = postSolution
		{1659C085-BD53-476E-89D8-5310312D6D43}.Debug|Any CPU.ActiveCfg = Debug|Any CPU
		{1659C085-BD53-476E-89D8-5310312D6D43}.Debug|Any CPU.Build.0 = Debug|Any CPU
		{1659C085-BD53-476E-89D8-5310312D6D43}.Release|Any CPU.ActiveCfg = Release|Any CPU
		{1659C085-BD53-476E-89D8-5310312D6D43}.Release|Any CPU.Build.0 = Release|Any CPU
		{DE40928E-84CC-4149-8776-9C457951617A}.Debug|Any CPU.ActiveCfg = Debug|Any CPU
		{DE40928E-84CC-4149-8776-9C457951617A}.Debug|Any CPU.Build.0 = Debug|Any CPU
		{DE40928E-84CC-4149-8776-9C457951617A}.Release|Any CPU.ActiveCfg = Release|Any CPU
		{DE40928E-84CC-4149-8776-9C457951617A}.Release|Any CPU.Build.0 = Release|Any CPU
	EndGlobalSection
	GlobalSection(SolutionProperties) = preSolution
		HideSolutionNode = FALSE
	EndGlobalSection
	GlobalSection(ExtensibilityGlobals) = postSolution
		SolutionGuid = {0C47E8E5-9201-4784-B227-7E73C67CBA83}
	EndGlobalSection
EndGlobal
