
Microsoft Visual Studio Solution File, Format Version 12.00
# Visual Studio Version 17
VisualStudioVersion = 17.5.002.0
MinimumVisualStudioVersion = 10.0.40219.1
Project("{FAE04EC0-301F-11D3-BF4B-00C04F79EFBC}") = "CodingTracker", "CodingTracker\CodingTracker.csproj", "{8721462A-F395-4A04-9689-60DD758FD9C8}"
EndProject
Project("{FAE04EC0-301F-11D3-BF4B-00C04F79EFBC}") = "CodingTracker.Tests", "CodingTracker.Tests\CodingTracker.Tests.csproj", "{754B76F2-DB06-4067-80BB-EF51E2C3E768}"
EndProject
Global
	GlobalSection(SolutionConfigurationPlatforms) = preSolution
		Debug|Any CPU = Debug|Any CPU
		Release|Any CPU = Release|Any CPU
	EndGlobalSection
	GlobalSection(ProjectConfigurationPlatforms) = postSolution
		{8721462A-F395-4A04-9689-60DD758FD9C8}.Debug|Any CPU.ActiveCfg = Debug|Any CPU
		{8721462A-F395-4A04-9689-60DD758FD9C8}.Debug|Any CPU.Build.0 = Debug|Any CPU
		{8721462A-F395-4A04-9689-60DD758FD9C8}.Release|Any CPU.ActiveCfg = Release|Any CPU
		{8721462A-F395-4A04-9689-60DD758FD9C8}.Release|Any CPU.Build.0 = Release|Any CPU
		{754B76F2-DB06-4067-80BB-EF51E2C3E768}.Debug|Any CPU.ActiveCfg = Debug|Any CPU
		{754B76F2-DB06-4067-80BB-EF51E2C3E768}.Debug|Any CPU.Build.0 = Debug|Any CPU
		{754B76F2-DB06-4067-80BB-EF51E2C3E768}.Release|Any CPU.ActiveCfg = Release|Any CPU
		{754B76F2-DB06-4067-80BB-EF51E2C3E768}.Release|Any CPU.Build.0 = Release|Any CPU
	EndGlobalSection
	GlobalSection(SolutionProperties) = preSolution
		HideSolutionNode = FALSE
	EndGlobalSection
	GlobalSection(ExtensibilityGlobals) = postSolution
		SolutionGuid = {AAD0E8DD-2864-4671-A327-F12638875628}
	EndGlobalSection
EndGlobal
