
Microsoft Visual Studio Solution File, Format Version 12.00
# Visual Studio Version 17
VisualStudioVersion = 17.9.34728.123
MinimumVisualStudioVersion = 10.0.40219.1
Project("{9A19103F-16F7-4668-BE54-9A1E7A4F7556}") = "CodingTracker.AnaClos", "CodingTracker.AnaClos\CodingTracker.AnaClos.csproj", "{CFED7C70-EB40-4719-990C-47AE0A86328B}"
EndProject
Project("{FAE04EC0-301F-11D3-BF4B-00C04F79EFBC}") = "CodingTracker.Tests", "CodingTracker.Tests\CodingTracker.Tests.csproj", "{067F91B4-2A3F-4A86-A247-A1DD51D2A962}"
EndProject
Global
	GlobalSection(SolutionConfigurationPlatforms) = preSolution
		Debug|Any CPU = Debug|Any CPU
		Release|Any CPU = Release|Any CPU
	EndGlobalSection
	GlobalSection(ProjectConfigurationPlatforms) = postSolution
		{CFED7C70-EB40-4719-990C-47AE0A86328B}.Debug|Any CPU.ActiveCfg = Debug|Any CPU
		{CFED7C70-EB40-4719-990C-47AE0A86328B}.Debug|Any CPU.Build.0 = Debug|Any CPU
		{CFED7C70-EB40-4719-990C-47AE0A86328B}.Release|Any CPU.ActiveCfg = Release|Any CPU
		{CFED7C70-EB40-4719-990C-47AE0A86328B}.Release|Any CPU.Build.0 = Release|Any CPU
		{067F91B4-2A3F-4A86-A247-A1DD51D2A962}.Debug|Any CPU.ActiveCfg = Debug|Any CPU
		{067F91B4-2A3F-4A86-A247-A1DD51D2A962}.Debug|Any CPU.Build.0 = Debug|Any CPU
		{067F91B4-2A3F-4A86-A247-A1DD51D2A962}.Release|Any CPU.ActiveCfg = Release|Any CPU
		{067F91B4-2A3F-4A86-A247-A1DD51D2A962}.Release|Any CPU.Build.0 = Release|Any CPU
	EndGlobalSection
	GlobalSection(SolutionProperties) = preSolution
		HideSolutionNode = FALSE
	EndGlobalSection
	GlobalSection(ExtensibilityGlobals) = postSolution
		SolutionGuid = {07727021-F55D-473B-9DFE-8B84548E9C5D}
	EndGlobalSection
EndGlobal
