
Microsoft Visual Studio Solution File, Format Version 12.00
# Visual Studio Version 17
VisualStudioVersion = 17.11.35312.102
MinimumVisualStudioVersion = 10.0.40219.1
Project("{FAE04EC0-301F-11D3-BF4B-00C04F79EFBC}") = "CodingTracker", "CodingTracker\CodingTracker.csproj", "{A6BA49F2-F560-4952-9EEF-A69A42B39ACD}"
EndProject
Global
	GlobalSection(SolutionConfigurationPlatforms) = preSolution
		Debug|Any CPU = Debug|Any CPU
		Release|Any CPU = Release|Any CPU
	EndGlobalSection
	GlobalSection(ProjectConfigurationPlatforms) = postSolution
		{A6BA49F2-F560-4952-9EEF-A69A42B39ACD}.Debug|Any CPU.ActiveCfg = Debug|Any CPU
		{A6BA49F2-F560-4952-9EEF-A69A42B39ACD}.Debug|Any CPU.Build.0 = Debug|Any CPU
		{A6BA49F2-F560-4952-9EEF-A69A42B39ACD}.Release|Any CPU.ActiveCfg = Release|Any CPU
		{A6BA49F2-F560-4952-9EEF-A69A42B39ACD}.Release|Any CPU.Build.0 = Release|Any CPU
	EndGlobalSection
	GlobalSection(SolutionProperties) = preSolution
		HideSolutionNode = FALSE
	EndGlobalSection
	GlobalSection(ExtensibilityGlobals) = postSolution
		SolutionGuid = {8766BD12-6066-4E91-8FE3-B34D7F369F23}
	EndGlobalSection
EndGlobal
