
Microsoft Visual Studio Solution File, Format Version 12.00
# Visual Studio Version 17
VisualStudioVersion = 17.11.35303.130
MinimumVisualStudioVersion = 10.0.40219.1
Project("{9A19103F-16F7-4668-BE54-9A1E7A4F7556}") = "CodingTracker", "CodingTracker\CodingTracker.csproj", "{2A46C04F-6661-4780-98E3-142A04349331}"
EndProject
Project("{FAE04EC0-301F-11D3-BF4B-00C04F79EFBC}") = "CodingTracker.UnitTests", "CodingTracker.UnitTests\CodingTracker.UnitTests.csproj", "{A7D7C32A-6E7A-47E8-8C7B-8C7C2F4BB036}"
EndProject
Global
	GlobalSection(SolutionConfigurationPlatforms) = preSolution
		Debug|Any CPU = Debug|Any CPU
		Release|Any CPU = Release|Any CPU
	EndGlobalSection
	GlobalSection(ProjectConfigurationPlatforms) = postSolution
		{2A46C04F-6661-4780-98E3-142A04349331}.Debug|Any CPU.ActiveCfg = Debug|Any CPU
		{2A46C04F-6661-4780-98E3-142A04349331}.Debug|Any CPU.Build.0 = Debug|Any CPU
		{2A46C04F-6661-4780-98E3-142A04349331}.Release|Any CPU.ActiveCfg = Release|Any CPU
		{2A46C04F-6661-4780-98E3-142A04349331}.Release|Any CPU.Build.0 = Release|Any CPU
		{A7D7C32A-6E7A-47E8-8C7B-8C7C2F4BB036}.Debug|Any CPU.ActiveCfg = Debug|Any CPU
		{A7D7C32A-6E7A-47E8-8C7B-8C7C2F4BB036}.Debug|Any CPU.Build.0 = Debug|Any CPU
		{A7D7C32A-6E7A-47E8-8C7B-8C7C2F4BB036}.Release|Any CPU.ActiveCfg = Release|Any CPU
		{A7D7C32A-6E7A-47E8-8C7B-8C7C2F4BB036}.Release|Any CPU.Build.0 = Release|Any CPU
	EndGlobalSection
	GlobalSection(SolutionProperties) = preSolution
		HideSolutionNode = FALSE
	EndGlobalSection
	GlobalSection(ExtensibilityGlobals) = postSolution
		SolutionGuid = {20144BEF-2F90-4922-AC48-1940A577D6EC}
	EndGlobalSection
EndGlobal
