
Microsoft Visual Studio Solution File, Format Version 12.00
# Visual Studio Version 17
VisualStudioVersion = 17.14.36327.8 d17.14
MinimumVisualStudioVersion = 10.0.40219.1
Project("{FAE04EC0-301F-11D3-BF4B-00C04F79EFBC}") = "CodingTrackerWithUnitTests2", "CodingTrackerWithUnitTests2\CodingTrackerWithUnitTests2.csproj", "{14D72A90-CAAE-4C13-80B6-8846896F5C7E}"
EndProject
Project("{FAE04EC0-301F-11D3-BF4B-00C04F79EFBC}") = "CodingTracker.UnitTests", "CodingTracker.UnitTests\CodingTracker.UnitTests.csproj", "{36363610-F78D-4019-B804-5A621A6409F7}"
EndProject
Global
	GlobalSection(SolutionConfigurationPlatforms) = preSolution
		Debug|Any CPU = Debug|Any CPU
		Release|Any CPU = Release|Any CPU
	EndGlobalSection
	GlobalSection(ProjectConfigurationPlatforms) = postSolution
		{14D72A90-CAAE-4C13-80B6-8846896F5C7E}.Debug|Any CPU.ActiveCfg = Debug|Any CPU
		{14D72A90-CAAE-4C13-80B6-8846896F5C7E}.Debug|Any CPU.Build.0 = Debug|Any CPU
		{14D72A90-CAAE-4C13-80B6-8846896F5C7E}.Release|Any CPU.ActiveCfg = Release|Any CPU
		{14D72A90-CAAE-4C13-80B6-8846896F5C7E}.Release|Any CPU.Build.0 = Release|Any CPU
		{36363610-F78D-4019-B804-5A621A6409F7}.Debug|Any CPU.ActiveCfg = Debug|Any CPU
		{36363610-F78D-4019-B804-5A621A6409F7}.Debug|Any CPU.Build.0 = Debug|Any CPU
		{36363610-F78D-4019-B804-5A621A6409F7}.Release|Any CPU.ActiveCfg = Release|Any CPU
		{36363610-F78D-4019-B804-5A621A6409F7}.Release|Any CPU.Build.0 = Release|Any CPU
	EndGlobalSection
	GlobalSection(SolutionProperties) = preSolution
		HideSolutionNode = FALSE
	EndGlobalSection
	GlobalSection(ExtensibilityGlobals) = postSolution
		SolutionGuid = {479AA51E-43E7-47B5-A7BD-ED29710E6CE4}
	EndGlobalSection
EndGlobal
