
Microsoft Visual Studio Solution File, Format Version 12.00
# Visual Studio Version 17
VisualStudioVersion = 17.5.002.0
MinimumVisualStudioVersion = 10.0.40219.1
Project("{9A19103F-16F7-4668-BE54-9A1E7A4F7556}") = "Lawang.Coding-Tracker", "Coding-Tracker.Lawang\Lawang.Coding-Tracker.csproj", "{45E7BE2B-3F79-4554-ADF0-9FFD817485F7}"
EndProject
Global
	GlobalSection(SolutionConfigurationPlatforms) = preSolution
		Debug|Any CPU = Debug|Any CPU
		Release|Any CPU = Release|Any CPU
	EndGlobalSection
	GlobalSection(ProjectConfigurationPlatforms) = postSolution
		{45E7BE2B-3F79-4554-ADF0-9FFD817485F7}.Debug|Any CPU.ActiveCfg = Debug|Any CPU
		{45E7BE2B-3F79-4554-ADF0-9FFD817485F7}.Debug|Any CPU.Build.0 = Debug|Any CPU
		{45E7BE2B-3F79-4554-ADF0-9FFD817485F7}.Release|Any CPU.ActiveCfg = Release|Any CPU
		{45E7BE2B-3F79-4554-ADF0-9FFD817485F7}.Release|Any CPU.Build.0 = Release|Any CPU
	EndGlobalSection
	GlobalSection(SolutionProperties) = preSolution
		HideSolutionNode = FALSE
	EndGlobalSection
	GlobalSection(ExtensibilityGlobals) = postSolution
		SolutionGuid = {22B63E30-DA44-4C7B-AFEA-31F01AD8E08C}
	EndGlobalSection
EndGlobal
