
Microsoft Visual Studio Solution File, Format Version 12.00
# Visual Studio Version 17
VisualStudioVersion = 17.9.34714.143
MinimumVisualStudioVersion = 10.0.40219.1
Project("{FAE04EC0-301F-11D3-BF4B-00C04F79EFBC}") = "UnitTests.frockett", "UnitTests.frockett\UnitTests.frockett.csproj", "{2031E687-00C2-45B1-B05B-2EB11477F713}"
EndProject
Global
	GlobalSection(SolutionConfigurationPlatforms) = preSolution
		Debug|Any CPU = Debug|Any CPU
		Release|Any CPU = Release|Any CPU
	EndGlobalSection
	GlobalSection(ProjectConfigurationPlatforms) = postSolution
		{2031E687-00C2-45B1-B05B-2EB11477F713}.Debug|Any CPU.ActiveCfg = Debug|Any CPU
		{2031E687-00C2-45B1-B05B-2EB11477F713}.Debug|Any CPU.Build.0 = Debug|Any CPU
		{2031E687-00C2-45B1-B05B-2EB11477F713}.Release|Any CPU.ActiveCfg = Release|Any CPU
		{2031E687-00C2-45B1-B05B-2EB11477F713}.Release|Any CPU.Build.0 = Release|Any CPU
	EndGlobalSection
	GlobalSection(SolutionProperties) = preSolution
		HideSolutionNode = FALSE
	EndGlobalSection
	GlobalSection(ExtensibilityGlobals) = postSolution
		SolutionGuid = {B773FB5A-A6C5-4D97-BC93-7AED1BC962BC}
	EndGlobalSection
EndGlobal
