
Microsoft Visual Studio Solution File, Format Version 12.00
# Visual Studio Version 17
VisualStudioVersion = 17.8.34525.116
MinimumVisualStudioVersion = 10.0.40219.1
Project("{FAE04EC0-301F-11D3-BF4B-00C04F79EFBC}") = "UnitTests.StanimalTheMan", "UnitTests.StanimalTheMan\UnitTests.StanimalTheMan.csproj", "{D09D4164-6838-4C73-9964-69E271949B91}"
EndProject
Global
	GlobalSection(SolutionConfigurationPlatforms) = preSolution
		Debug|Any CPU = Debug|Any CPU
		Release|Any CPU = Release|Any CPU
	EndGlobalSection
	GlobalSection(ProjectConfigurationPlatforms) = postSolution
		{D09D4164-6838-4C73-9964-69E271949B91}.Debug|Any CPU.ActiveCfg = Debug|Any CPU
		{D09D4164-6838-4C73-9964-69E271949B91}.Debug|Any CPU.Build.0 = Debug|Any CPU
		{D09D4164-6838-4C73-9964-69E271949B91}.Release|Any CPU.ActiveCfg = Release|Any CPU
		{D09D4164-6838-4C73-9964-69E271949B91}.Release|Any CPU.Build.0 = Release|Any CPU
	EndGlobalSection
	GlobalSection(SolutionProperties) = preSolution
		HideSolutionNode = FALSE
	EndGlobalSection
	GlobalSection(ExtensibilityGlobals) = postSolution
		SolutionGuid = {39A5145A-ED66-430C-BD86-8F12D8E7DDD8}
	EndGlobalSection
EndGlobal
