
Microsoft Visual Studio Solution File, Format Version 12.00
# Visual Studio Version 17
VisualStudioVersion = 17.12.35707.178
MinimumVisualStudioVersion = 10.0.40219.1
Project("{FAE04EC0-301F-11D3-BF4B-00C04F79EFBC}") = "CodingTracker", "..\..\CodingTracker\CodingTracker\CodingTracker.csproj", "{1D5D0CE9-B72B-4644-3193-657C46EECAF2}"
EndProject
Project("{FAE04EC0-301F-11D3-BF4B-00C04F79EFBC}") = "UnitTests", "UnitTests\UnitTests.csproj", "{C1811FFB-7170-4940-BC63-361008361B63}"
EndProject
Global
	GlobalSection(SolutionConfigurationPlatforms) = preSolution
		Debug|Any CPU = Debug|Any CPU
		Release|Any CPU = Release|Any CPU
	EndGlobalSection
	GlobalSection(ProjectConfigurationPlatforms) = postSolution
		{1D5D0CE9-B72B-4644-3193-657C46EECAF2}.Debug|Any CPU.ActiveCfg = Debug|Any CPU
		{1D5D0CE9-B72B-4644-3193-657C46EECAF2}.Debug|Any CPU.Build.0 = Debug|Any CPU
		{1D5D0CE9-B72B-4644-3193-657C46EECAF2}.Release|Any CPU.ActiveCfg = Release|Any CPU
		{1D5D0CE9-B72B-4644-3193-657C46EECAF2}.Release|Any CPU.Build.0 = Release|Any CPU
		{C1811FFB-7170-4940-BC63-361008361B63}.Debug|Any CPU.ActiveCfg = Debug|Any CPU
		{C1811FFB-7170-4940-BC63-361008361B63}.Debug|Any CPU.Build.0 = Debug|Any CPU
		{C1811FFB-7170-4940-BC63-361008361B63}.Release|Any CPU.ActiveCfg = Release|Any CPU
		{C1811FFB-7170-4940-BC63-361008361B63}.Release|Any CPU.Build.0 = Release|Any CPU
	EndGlobalSection
	GlobalSection(SolutionProperties) = preSolution
		HideSolutionNode = FALSE
	EndGlobalSection
	GlobalSection(ExtensibilityGlobals) = postSolution
		SolutionGuid = {7E499042-2621-4DCD-B867-776266DE0D5A}
	EndGlobalSection
EndGlobal
