
Microsoft Visual Studio Solution File, Format Version 12.00
# Visual Studio Version 17
VisualStudioVersion = 17.12.35707.178 d17.12
MinimumVisualStudioVersion = 10.0.40219.1
Project("{FAE04EC0-301F-11D3-BF4B-00C04F79EFBC}") = "CodingTracker", "..\CodingTracker\CodingTracker\CodingTracker.csproj", "{7E5E43C3-E3B7-44AE-A085-0814102D2590}"
EndProject
Project("{FAE04EC0-301F-11D3-BF4B-00C04F79EFBC}") = "CodingTracker.Tests", "CodingTracker.Tests\CodingTracker.Tests.csproj", "{D412147E-7261-4BCA-9749-E76E6D825822}"
EndProject
Global
	GlobalSection(SolutionConfigurationPlatforms) = preSolution
		Debug|Any CPU = Debug|Any CPU
		Release|Any CPU = Release|Any CPU
	EndGlobalSection
	GlobalSection(ProjectConfigurationPlatforms) = postSolution
		{7E5E43C3-E3B7-44AE-A085-0814102D2590}.Debug|Any CPU.ActiveCfg = Debug|Any CPU
		{7E5E43C3-E3B7-44AE-A085-0814102D2590}.Debug|Any CPU.Build.0 = Debug|Any CPU
		{7E5E43C3-E3B7-44AE-A085-0814102D2590}.Release|Any CPU.ActiveCfg = Release|Any CPU
		{7E5E43C3-E3B7-44AE-A085-0814102D2590}.Release|Any CPU.Build.0 = Release|Any CPU
		{D412147E-7261-4BCA-9749-E76E6D825822}.Debug|Any CPU.ActiveCfg = Debug|Any CPU
		{D412147E-7261-4BCA-9749-E76E6D825822}.Debug|Any CPU.Build.0 = Debug|Any CPU
		{D412147E-7261-4BCA-9749-E76E6D825822}.Release|Any CPU.ActiveCfg = Release|Any CPU
		{D412147E-7261-4BCA-9749-E76E6D825822}.Release|Any CPU.Build.0 = Release|Any CPU
	EndGlobalSection
	GlobalSection(SolutionProperties) = preSolution
		HideSolutionNode = FALSE
	EndGlobalSection
EndGlobal
