
Microsoft Visual Studio Solution File, Format Version 12.00
# Visual Studio Version 17
VisualStudioVersion = 17.12.35527.113
MinimumVisualStudioVersion = 10.0.40219.1
Project("{FAE04EC0-301F-11D3-BF4B-00C04F79EFBC}") = "CodingTracker.Tests", "CodingTracker.Tests.csproj", "{367C1FF6-0C2C-4332-AC6D-9D7637B47306}"
EndProject
Project("{FAE04EC0-301F-11D3-BF4B-00C04F79EFBC}") = "Alvind0.CodingTracker", "..\Alvind0.CodingTracker\Alvind0.CodingTracker.csproj", "{9E664C1C-CB2F-4277-BC57-B06AA3C1C414}"
EndProject
Global
	GlobalSection(SolutionConfigurationPlatforms) = preSolution
		Debug|Any CPU = Debug|Any CPU
		Release|Any CPU = Release|Any CPU
	EndGlobalSection
	GlobalSection(ProjectConfigurationPlatforms) = postSolution
		{367C1FF6-0C2C-4332-AC6D-9D7637B47306}.Debug|Any CPU.ActiveCfg = Debug|Any CPU
		{367C1FF6-0C2C-4332-AC6D-9D7637B47306}.Debug|Any CPU.Build.0 = Debug|Any CPU
		{367C1FF6-0C2C-4332-AC6D-9D7637B47306}.Release|Any CPU.ActiveCfg = Release|Any CPU
		{367C1FF6-0C2C-4332-AC6D-9D7637B47306}.Release|Any CPU.Build.0 = Release|Any CPU
		{9E664C1C-CB2F-4277-BC57-B06AA3C1C414}.Debug|Any CPU.ActiveCfg = Debug|Any CPU
		{9E664C1C-CB2F-4277-BC57-B06AA3C1C414}.Debug|Any CPU.Build.0 = Debug|Any CPU
		{9E664C1C-CB2F-4277-BC57-B06AA3C1C414}.Release|Any CPU.ActiveCfg = Release|Any CPU
		{9E664C1C-CB2F-4277-BC57-B06AA3C1C414}.Release|Any CPU.Build.0 = Release|Any CPU
	EndGlobalSection
	GlobalSection(SolutionProperties) = preSolution
		HideSolutionNode = FALSE
	EndGlobalSection
EndGlobal
